// !$*UTF8*$!
{
	archiveVersion = 1;
	classes = {
	};
	objectVersion = 56;
	objects = {

/* Begin PBXBuildFile section */
		86646C982BBF362E004F043F /* AppDelegate.swift in Sources */ = {isa = PBXBuildFile; fileRef = 86646C972BBF362E004F043F /* AppDelegate.swift */; };
		86646C9A2BBF362E004F043F /* SceneDelegate.swift in Sources */ = {isa = PBXBuildFile; fileRef = 86646C992BBF362E004F043F /* SceneDelegate.swift */; };
		86646C9F2BBF362E004F043F /* Main.storyboard in Resources */ = {isa = PBXBuildFile; fileRef = 86646C9D2BBF362E004F043F /* Main.storyboard */; };
		86646CA22BBF362E004F043F /* iOS_assignment.xcdatamodeld in Sources */ = {isa = PBXBuildFile; fileRef = 86646CA02BBF362E004F043F /* iOS_assignment.xcdatamodeld */; };
		86646CA42BBF362F004F043F /* Assets.xcassets in Resources */ = {isa = PBXBuildFile; fileRef = 86646CA32BBF362F004F043F /* Assets.xcassets */; };
		86646CA72BBF362F004F043F /* LaunchScreen.storyboard in Resources */ = {isa = PBXBuildFile; fileRef = 86646CA52BBF362F004F043F /* LaunchScreen.storyboard */; };
		86646CD22BC0729C004F043F /* NewsListingViewController.swift in Sources */ = {isa = PBXBuildFile; fileRef = 86646CD12BC0729C004F043F /* NewsListingViewController.swift */; };
		86646CD92BC075C9004F043F /* NewsTableViewCell.swift in Sources */ = {isa = PBXBuildFile; fileRef = 86646CD72BC075C9004F043F /* NewsTableViewCell.swift */; };
		86646CDA2BC075C9004F043F /* NewsTableViewCell.xib in Resources */ = {isa = PBXBuildFile; fileRef = 86646CD82BC075C9004F043F /* NewsTableViewCell.xib */; };
		86646CDD2BC08086004F043F /* NewsViewModel.swift in Sources */ = {isa = PBXBuildFile; fileRef = 86646CDC2BC08086004F043F /* NewsViewModel.swift */; };
		86646CEF2BC08382004F043F /* NewsRequest.swift in Sources */ = {isa = PBXBuildFile; fileRef = 86646CEE2BC08382004F043F /* NewsRequest.swift */; };
		86646CF22BC0847B004F043F /* NewsModel.swift in Sources */ = {isa = PBXBuildFile; fileRef = 86646CF12BC0847B004F043F /* NewsModel.swift */; };
		86646CF32BC084EC004F043F /* Reachability.swift in Sources */ = {isa = PBXBuildFile; fileRef = 86646CED2BC08305004F043F /* Reachability.swift */; };
		86646CF42BC084F4004F043F /* EndPointType.swift in Sources */ = {isa = PBXBuildFile; fileRef = 86646CEB2BC08305004F043F /* EndPointType.swift */; };
		86646CF52BC084F8004F043F /* HTTPMethod.swift in Sources */ = {isa = PBXBuildFile; fileRef = 86646CEA2BC08305004F043F /* HTTPMethod.swift */; };
		86646CF62BC084FA004F043F /* HTTPTask.swift in Sources */ = {isa = PBXBuildFile; fileRef = 86646CE92BC08305004F043F /* HTTPTask.swift */; };
		86646CF72BC084FE004F043F /* NetworkManager.swift in Sources */ = {isa = PBXBuildFile; fileRef = 86646CE72BC08305004F043F /* NetworkManager.swift */; };
		86646CF82BC08503004F043F /* DataRequest.swift in Sources */ = {isa = PBXBuildFile; fileRef = 86646CE52BC08305004F043F /* DataRequest.swift */; };
		86646CFA2BC08508004F043F /* ParameterEncoding.swift in Sources */ = {isa = PBXBuildFile; fileRef = 86646CE22BC08305004F043F /* ParameterEncoding.swift */; };
		866A34802BC163AC00E54A86 /* LocalStorage.swift in Sources */ = {isa = PBXBuildFile; fileRef = 866A347F2BC163AC00E54A86 /* LocalStorage.swift */; };
		866A34822BC18D8400E54A86 /* Observable.swift in Sources */ = {isa = PBXBuildFile; fileRef = 866A34812BC18D8400E54A86 /* Observable.swift */; };
		866A34832BC1D37800E54A86 /* Extensions.swift in Sources */ = {isa = PBXBuildFile; fileRef = 86646CDF2BC08305004F043F /* Extensions.swift */; };
		866A34852BC1E62600E54A86 /* NewsDetailViewController.swift in Sources */ = {isa = PBXBuildFile; fileRef = 866A34842BC1E62600E54A86 /* NewsDetailViewController.swift */; };
		866A34892BC1E8A300E54A86 /* test_news_listing_vc.swift in Sources */ = {isa = PBXBuildFile; fileRef = 866A34882BC1E8A300E54A86 /* test_news_listing_vc.swift */; };
		866A348C2BC1EA5400E54A86 /* test_news_tableview_cell.swift in Sources */ = {isa = PBXBuildFile; fileRef = 866A348B2BC1EA5400E54A86 /* test_news_tableview_cell.swift */; };
		866A348F2BC1ED2400E54A86 /* test_local_storage.swift in Sources */ = {isa = PBXBuildFile; fileRef = 866A348E2BC1ED2400E54A86 /* test_local_storage.swift */; };
		866A34912BC1EDF600E54A86 /* test_news_viewmodel.swift in Sources */ = {isa = PBXBuildFile; fileRef = 866A34902BC1EDF600E54A86 /* test_news_viewmodel.swift */; };
/* End PBXBuildFile section */

/* Begin PBXContainerItemProxy section */
		86646CAE2BBF362F004F043F /* PBXContainerItemProxy */ = {
			isa = PBXContainerItemProxy;
			containerPortal = 86646C8C2BBF362E004F043F /* Project object */;
			proxyType = 1;
			remoteGlobalIDString = 86646C932BBF362E004F043F;
			remoteInfo = iOS_assignment;
		};
/* End PBXContainerItemProxy section */

/* Begin PBXFileReference section */
		86646C942BBF362E004F043F /* iOS_assignment.app */ = {isa = PBXFileReference; explicitFileType = wrapper.application; includeInIndex = 0; path = iOS_assignment.app; sourceTree = BUILT_PRODUCTS_DIR; };
		86646C972BBF362E004F043F /* AppDelegate.swift */ = {isa = PBXFileReference; lastKnownFileType = sourcecode.swift; path = AppDelegate.swift; sourceTree = "<group>"; };
		86646C992BBF362E004F043F /* SceneDelegate.swift */ = {isa = PBXFileReference; lastKnownFileType = sourcecode.swift; path = SceneDelegate.swift; sourceTree = "<group>"; };
		86646C9E2BBF362E004F043F /* Base */ = {isa = PBXFileReference; lastKnownFileType = file.storyboard; name = Base; path = Base.lproj/Main.storyboard; sourceTree = "<group>"; };
		86646CA12BBF362E004F043F /* iOS_assignment.xcdatamodel */ = {isa = PBXFileReference; lastKnownFileType = wrapper.xcdatamodel; path = iOS_assignment.xcdatamodel; sourceTree = "<group>"; };
		86646CA32BBF362F004F043F /* Assets.xcassets */ = {isa = PBXFileReference; lastKnownFileType = folder.assetcatalog; path = Assets.xcassets; sourceTree = "<group>"; };
		86646CA62BBF362F004F043F /* Base */ = {isa = PBXFileReference; lastKnownFileType = file.storyboard; name = Base; path = Base.lproj/LaunchScreen.storyboard; sourceTree = "<group>"; };
		86646CA82BBF362F004F043F /* Info.plist */ = {isa = PBXFileReference; lastKnownFileType = text.plist.xml; path = Info.plist; sourceTree = "<group>"; };
		86646CAD2BBF362F004F043F /* iOS_assignmentTests.xctest */ = {isa = PBXFileReference; explicitFileType = wrapper.cfbundle; includeInIndex = 0; path = iOS_assignmentTests.xctest; sourceTree = BUILT_PRODUCTS_DIR; };
		86646CD12BC0729C004F043F /* NewsListingViewController.swift */ = {isa = PBXFileReference; lastKnownFileType = sourcecode.swift; path = NewsListingViewController.swift; sourceTree = "<group>"; };
		86646CD72BC075C9004F043F /* NewsTableViewCell.swift */ = {isa = PBXFileReference; lastKnownFileType = sourcecode.swift; path = NewsTableViewCell.swift; sourceTree = "<group>"; };
		86646CD82BC075C9004F043F /* NewsTableViewCell.xib */ = {isa = PBXFileReference; lastKnownFileType = file.xib; path = NewsTableViewCell.xib; sourceTree = "<group>"; };
		86646CDC2BC08086004F043F /* NewsViewModel.swift */ = {isa = PBXFileReference; lastKnownFileType = sourcecode.swift; path = NewsViewModel.swift; sourceTree = "<group>"; };
		86646CDF2BC08305004F043F /* Extensions.swift */ = {isa = PBXFileReference; lastKnownFileType = sourcecode.swift; path = Extensions.swift; sourceTree = "<group>"; };
		86646CE22BC08305004F043F /* ParameterEncoding.swift */ = {isa = PBXFileReference; lastKnownFileType = sourcecode.swift; path = ParameterEncoding.swift; sourceTree = "<group>"; };
		86646CE52BC08305004F043F /* DataRequest.swift */ = {isa = PBXFileReference; lastKnownFileType = sourcecode.swift; path = DataRequest.swift; sourceTree = "<group>"; };
		86646CE72BC08305004F043F /* NetworkManager.swift */ = {isa = PBXFileReference; lastKnownFileType = sourcecode.swift; path = NetworkManager.swift; sourceTree = "<group>"; };
		86646CE92BC08305004F043F /* HTTPTask.swift */ = {isa = PBXFileReference; lastKnownFileType = sourcecode.swift; path = HTTPTask.swift; sourceTree = "<group>"; };
		86646CEA2BC08305004F043F /* HTTPMethod.swift */ = {isa = PBXFileReference; lastKnownFileType = sourcecode.swift; path = HTTPMethod.swift; sourceTree = "<group>"; };
		86646CEB2BC08305004F043F /* EndPointType.swift */ = {isa = PBXFileReference; lastKnownFileType = sourcecode.swift; path = EndPointType.swift; sourceTree = "<group>"; };
		86646CED2BC08305004F043F /* Reachability.swift */ = {isa = PBXFileReference; lastKnownFileType = sourcecode.swift; path = Reachability.swift; sourceTree = "<group>"; };
		86646CEE2BC08382004F043F /* NewsRequest.swift */ = {isa = PBXFileReference; lastKnownFileType = sourcecode.swift; path = NewsRequest.swift; sourceTree = "<group>"; };
		86646CF12BC0847B004F043F /* NewsModel.swift */ = {isa = PBXFileReference; lastKnownFileType = sourcecode.swift; path = NewsModel.swift; sourceTree = "<group>"; };
		866A347F2BC163AC00E54A86 /* LocalStorage.swift */ = {isa = PBXFileReference; lastKnownFileType = sourcecode.swift; path = LocalStorage.swift; sourceTree = "<group>"; };
		866A34812BC18D8400E54A86 /* Observable.swift */ = {isa = PBXFileReference; lastKnownFileType = sourcecode.swift; path = Observable.swift; sourceTree = "<group>"; };
		866A34842BC1E62600E54A86 /* NewsDetailViewController.swift */ = {isa = PBXFileReference; lastKnownFileType = sourcecode.swift; path = NewsDetailViewController.swift; sourceTree = "<group>"; };
		866A34882BC1E8A300E54A86 /* test_news_listing_vc.swift */ = {isa = PBXFileReference; lastKnownFileType = sourcecode.swift; path = test_news_listing_vc.swift; sourceTree = "<group>"; };
		866A348B2BC1EA5400E54A86 /* test_news_tableview_cell.swift */ = {isa = PBXFileReference; lastKnownFileType = sourcecode.swift; path = test_news_tableview_cell.swift; sourceTree = "<group>"; };
		866A348E2BC1ED2400E54A86 /* test_local_storage.swift */ = {isa = PBXFileReference; lastKnownFileType = sourcecode.swift; path = test_local_storage.swift; sourceTree = "<group>"; };
		866A34902BC1EDF600E54A86 /* test_news_viewmodel.swift */ = {isa = PBXFileReference; lastKnownFileType = sourcecode.swift; path = test_news_viewmodel.swift; sourceTree = "<group>"; };
/* End PBXFileReference section */

/* Begin PBXFrameworksBuildPhase section */
		86646C912BBF362E004F043F /* Frameworks */ = {
			isa = PBXFrameworksBuildPhase;
			buildActionMask = 2147483647;
			files = (
			);
			runOnlyForDeploymentPostprocessing = 0;
		};
		86646CAA2BBF362F004F043F /* Frameworks */ = {
			isa = PBXFrameworksBuildPhase;
			buildActionMask = 2147483647;
			files = (
			);
			runOnlyForDeploymentPostprocessing = 0;
		};
/* End PBXFrameworksBuildPhase section */

/* Begin PBXGroup section */
		86646C8B2BBF362E004F043F = {
			isa = PBXGroup;
			children = (
				86646C962BBF362E004F043F /* iOS_assignment */,
				86646CB02BBF362F004F043F /* iOS_assignmentTests */,
				86646C952BBF362E004F043F /* Products */,
			);
			sourceTree = "<group>";
		};
		86646C952BBF362E004F043F /* Products */ = {
			isa = PBXGroup;
			children = (
				86646C942BBF362E004F043F /* iOS_assignment.app */,
				86646CAD2BBF362F004F043F /* iOS_assignmentTests.xctest */,
			);
			name = Products;
			sourceTree = "<group>";
		};
		86646C962BBF362E004F043F /* iOS_assignment */ = {
			isa = PBXGroup;
			children = (
				86646CDE2BC08305004F043F /* Extensions */,
				86646CE02BC08305004F043F /* Networking */,
				86646CEC2BC08305004F043F /* Utility Classes */,
				86646CDB2BC08070004F043F /* View Models */,
				86646CD62BC075AA004F043F /* Cells */,
				86646CD52BC0758D004F043F /* Storyboards */,
				86646CD32BC07571004F043F /* Application */,
				86646CD02BC0725F004F043F /* Controllers */,
				86646CA32BBF362F004F043F /* Assets.xcassets */,
				86646CA52BBF362F004F043F /* LaunchScreen.storyboard */,
				86646CA82BBF362F004F043F /* Info.plist */,
				86646CA02BBF362E004F043F /* iOS_assignment.xcdatamodeld */,
			);
			path = iOS_assignment;
			sourceTree = "<group>";
		};
		86646CB02BBF362F004F043F /* iOS_assignmentTests */ = {
			isa = PBXGroup;
			children = (
				866A348D2BC1ED1100E54A86 /* utilities */,
				866A348A2BC1EA4400E54A86 /* cells */,
				866A34872BC1E82600E54A86 /* viewmodels */,
				866A34862BC1E81D00E54A86 /* controllers */,
			);
			path = iOS_assignmentTests;
			sourceTree = "<group>";
		};
		86646CD02BC0725F004F043F /* Controllers */ = {
			isa = PBXGroup;
			children = (
				86646CD12BC0729C004F043F /* NewsListingViewController.swift */,
				866A34842BC1E62600E54A86 /* NewsDetailViewController.swift */,
			);
			path = Controllers;
			sourceTree = "<group>";
		};
		86646CD32BC07571004F043F /* Application */ = {
			isa = PBXGroup;
			children = (
				86646C972BBF362E004F043F /* AppDelegate.swift */,
				86646C992BBF362E004F043F /* SceneDelegate.swift */,
			);
			path = Application;
			sourceTree = "<group>";
		};
		86646CD52BC0758D004F043F /* Storyboards */ = {
			isa = PBXGroup;
			children = (
				86646C9D2BBF362E004F043F /* Main.storyboard */,
			);
			path = Storyboards;
			sourceTree = "<group>";
		};
		86646CD62BC075AA004F043F /* Cells */ = {
			isa = PBXGroup;
			children = (
				86646CD72BC075C9004F043F /* NewsTableViewCell.swift */,
				86646CD82BC075C9004F043F /* NewsTableViewCell.xib */,
			);
			path = Cells;
			sourceTree = "<group>";
		};
		86646CDB2BC08070004F043F /* View Models */ = {
			isa = PBXGroup;
			children = (
				86646CDC2BC08086004F043F /* NewsViewModel.swift */,
			);
			path = "View Models";
			sourceTree = "<group>";
		};
		86646CDE2BC08305004F043F /* Extensions */ = {
			isa = PBXGroup;
			children = (
				86646CDF2BC08305004F043F /* Extensions.swift */,
			);
			path = Extensions;
			sourceTree = "<group>";
		};
		86646CE02BC08305004F043F /* Networking */ = {
			isa = PBXGroup;
			children = (
				86646CF02BC08469004F043F /* Models */,
				86646CE12BC08305004F043F /* Encoding */,
				86646CE32BC08305004F043F /* Requests */,
				86646CE62BC08305004F043F /* Manager */,
				86646CE82BC08305004F043F /* Service */,
			);
			path = Networking;
			sourceTree = "<group>";
		};
		86646CE12BC08305004F043F /* Encoding */ = {
			isa = PBXGroup;
			children = (
				86646CE22BC08305004F043F /* ParameterEncoding.swift */,
			);
			path = Encoding;
			sourceTree = "<group>";
		};
		86646CE32BC08305004F043F /* Requests */ = {
			isa = PBXGroup;
			children = (
				86646CE52BC08305004F043F /* DataRequest.swift */,
				86646CEE2BC08382004F043F /* NewsRequest.swift */,
			);
			path = Requests;
			sourceTree = "<group>";
		};
		86646CE62BC08305004F043F /* Manager */ = {
			isa = PBXGroup;
			children = (
				86646CE72BC08305004F043F /* NetworkManager.swift */,
			);
			path = Manager;
			sourceTree = "<group>";
		};
		86646CE82BC08305004F043F /* Service */ = {
			isa = PBXGroup;
			children = (
				86646CE92BC08305004F043F /* HTTPTask.swift */,
				86646CEA2BC08305004F043F /* HTTPMethod.swift */,
				86646CEB2BC08305004F043F /* EndPointType.swift */,
			);
			path = Service;
			sourceTree = "<group>";
		};
		86646CEC2BC08305004F043F /* Utility Classes */ = {
			isa = PBXGroup;
			children = (
				86646CED2BC08305004F043F /* Reachability.swift */,
				866A347F2BC163AC00E54A86 /* LocalStorage.swift */,
				866A34812BC18D8400E54A86 /* Observable.swift */,
			);
			path = "Utility Classes";
			sourceTree = "<group>";
		};
		86646CF02BC08469004F043F /* Models */ = {
			isa = PBXGroup;
			children = (
				86646CF12BC0847B004F043F /* NewsModel.swift */,
			);
			path = Models;
			sourceTree = "<group>";
		};
		866A34862BC1E81D00E54A86 /* controllers */ = {
			isa = PBXGroup;
			children = (
				866A34882BC1E8A300E54A86 /* test_news_listing_vc.swift */,
			);
			path = controllers;
			sourceTree = "<group>";
		};
		866A34872BC1E82600E54A86 /* viewmodels */ = {
			isa = PBXGroup;
			children = (
				866A34902BC1EDF600E54A86 /* test_news_viewmodel.swift */,
			);
			path = viewmodels;
			sourceTree = "<group>";
		};
		866A348A2BC1EA4400E54A86 /* cells */ = {
			isa = PBXGroup;
			children = (
				866A348B2BC1EA5400E54A86 /* test_news_tableview_cell.swift */,
			);
			path = cells;
			sourceTree = "<group>";
		};
		866A348D2BC1ED1100E54A86 /* utilities */ = {
			isa = PBXGroup;
			children = (
				866A348E2BC1ED2400E54A86 /* test_local_storage.swift */,
			);
			path = utilities;
			sourceTree = "<group>";
		};
/* End PBXGroup section */

/* Begin PBXNativeTarget section */
		86646C932BBF362E004F043F /* iOS_assignment */ = {
			isa = PBXNativeTarget;
			buildConfigurationList = 86646CC12BBF362F004F043F /* Build configuration list for PBXNativeTarget "iOS_assignment" */;
			buildPhases = (
				86646C902BBF362E004F043F /* Sources */,
				86646C912BBF362E004F043F /* Frameworks */,
				86646C922BBF362E004F043F /* Resources */,
			);
			buildRules = (
			);
			dependencies = (
			);
			name = iOS_assignment;
			productName = iOS_assignment;
			productReference = 86646C942BBF362E004F043F /* iOS_assignment.app */;
			productType = "com.apple.product-type.application";
		};
		86646CAC2BBF362F004F043F /* iOS_assignmentTests */ = {
			isa = PBXNativeTarget;
			buildConfigurationList = 86646CC42BBF362F004F043F /* Build configuration list for PBXNativeTarget "iOS_assignmentTests" */;
			buildPhases = (
				86646CA92BBF362F004F043F /* Sources */,
				86646CAA2BBF362F004F043F /* Frameworks */,
				86646CAB2BBF362F004F043F /* Resources */,
			);
			buildRules = (
			);
			dependencies = (
				86646CAF2BBF362F004F043F /* PBXTargetDependency */,
			);
			name = iOS_assignmentTests;
			productName = iOS_assignmentTests;
			productReference = 86646CAD2BBF362F004F043F /* iOS_assignmentTests.xctest */;
			productType = "com.apple.product-type.bundle.unit-test";
		};
/* End PBXNativeTarget section */

/* Begin PBXProject section */
		86646C8C2BBF362E004F043F /* Project object */ = {
			isa = PBXProject;
			attributes = {
				BuildIndependentTargetsInParallel = 1;
				LastSwiftUpdateCheck = 1500;
				LastUpgradeCheck = 1500;
				TargetAttributes = {
					86646C932BBF362E004F043F = {
						CreatedOnToolsVersion = 15.0.1;
					};
					86646CAC2BBF362F004F043F = {
						CreatedOnToolsVersion = 15.0.1;
						TestTargetID = 86646C932BBF362E004F043F;
					};
				};
			};
			buildConfigurationList = 86646C8F2BBF362E004F043F /* Build configuration list for PBXProject "iOS_assignment" */;
			compatibilityVersion = "Xcode 14.0";
			developmentRegion = en;
			hasScannedForEncodings = 0;
			knownRegions = (
				en,
				Base,
			);
			mainGroup = 86646C8B2BBF362E004F043F;
			productRefGroup = 86646C952BBF362E004F043F /* Products */;
			projectDirPath = "";
			projectRoot = "";
			targets = (
				86646C932BBF362E004F043F /* iOS_assignment */,
				86646CAC2BBF362F004F043F /* iOS_assignmentTests */,
			);
		};
/* End PBXProject section */

/* Begin PBXResourcesBuildPhase section */
		86646C922BBF362E004F043F /* Resources */ = {
			isa = PBXResourcesBuildPhase;
			buildActionMask = 2147483647;
			files = (
				86646CA72BBF362F004F043F /* LaunchScreen.storyboard in Resources */,
				86646CA42BBF362F004F043F /* Assets.xcassets in Resources */,
				86646CDA2BC075C9004F043F /* NewsTableViewCell.xib in Resources */,
				86646C9F2BBF362E004F043F /* Main.storyboard in Resources */,
			);
			runOnlyForDeploymentPostprocessing = 0;
		};
		86646CAB2BBF362F004F043F /* Resources */ = {
			isa = PBXResourcesBuildPhase;
			buildActionMask = 2147483647;
			files = (
			);
			runOnlyForDeploymentPostprocessing = 0;
		};
/* End PBXResourcesBuildPhase section */

/* Begin PBXSourcesBuildPhase section */
		86646C902BBF362E004F043F /* Sources */ = {
			isa = PBXSourcesBuildPhase;
			buildActionMask = 2147483647;
			files = (
				86646CF62BC084FA004F043F /* HTTPTask.swift in Sources */,
				866A34832BC1D37800E54A86 /* Extensions.swift in Sources */,
				86646CF22BC0847B004F043F /* NewsModel.swift in Sources */,
				86646C982BBF362E004F043F /* AppDelegate.swift in Sources */,
				86646CF72BC084FE004F043F /* NetworkManager.swift in Sources */,
				86646CD22BC0729C004F043F /* NewsListingViewController.swift in Sources */,
				86646CF52BC084F8004F043F /* HTTPMethod.swift in Sources */,
				86646CEF2BC08382004F043F /* NewsRequest.swift in Sources */,
				86646CF82BC08503004F043F /* DataRequest.swift in Sources */,
				86646CD92BC075C9004F043F /* NewsTableViewCell.swift in Sources */,
				86646CF32BC084EC004F043F /* Reachability.swift in Sources */,
				86646CFA2BC08508004F043F /* ParameterEncoding.swift in Sources */,
				86646CDD2BC08086004F043F /* NewsViewModel.swift in Sources */,
				866A34822BC18D8400E54A86 /* Observable.swift in Sources */,
				86646CA22BBF362E004F043F /* iOS_assignment.xcdatamodeld in Sources */,
				866A34802BC163AC00E54A86 /* LocalStorage.swift in Sources */,
				86646CF42BC084F4004F043F /* EndPointType.swift in Sources */,
				86646C9A2BBF362E004F043F /* SceneDelegate.swift in Sources */,
				866A34852BC1E62600E54A86 /* NewsDetailViewController.swift in Sources */,
			);
			runOnlyForDeploymentPostprocessing = 0;
		};
		86646CA92BBF362F004F043F /* Sources */ = {
			isa = PBXSourcesBuildPhase;
			buildActionMask = 2147483647;
			files = (
				866A348C2BC1EA5400E54A86 /* test_news_tableview_cell.swift in Sources */,
				866A348F2BC1ED2400E54A86 /* test_local_storage.swift in Sources */,
				866A34892BC1E8A300E54A86 /* test_news_listing_vc.swift in Sources */,
				866A34912BC1EDF600E54A86 /* test_news_viewmodel.swift in Sources */,
			);
			runOnlyForDeploymentPostprocessing = 0;
		};
/* End PBXSourcesBuildPhase section */

/* Begin PBXTargetDependency section */
		86646CAF2BBF362F004F043F /* PBXTargetDependency */ = {
			isa = PBXTargetDependency;
			target = 86646C932BBF362E004F043F /* iOS_assignment */;
			targetProxy = 86646CAE2BBF362F004F043F /* PBXContainerItemProxy */;
		};
/* End PBXTargetDependency section */

/* Begin PBXVariantGroup section */
		86646C9D2BBF362E004F043F /* Main.storyboard */ = {
			isa = PBXVariantGroup;
			children = (
				86646C9E2BBF362E004F043F /* Base */,
			);
			name = Main.storyboard;
			sourceTree = "<group>";
		};
		86646CA52BBF362F004F043F /* LaunchScreen.storyboard */ = {
			isa = PBXVariantGroup;
			children = (
				86646CA62BBF362F004F043F /* Base */,
			);
			name = LaunchScreen.storyboard;
			sourceTree = "<group>";
		};
/* End PBXVariantGroup section */

/* Begin XCBuildConfiguration section */
		86646CBF2BBF362F004F043F /* Debug */ = {
			isa = XCBuildConfiguration;
			buildSettings = {
				ALWAYS_SEARCH_USER_PATHS = NO;
				ASSETCATALOG_COMPILER_GENERATE_SWIFT_ASSET_SYMBOL_EXTENSIONS = YES;
				CLANG_ANALYZER_NONNULL = YES;
				CLANG_ANALYZER_NUMBER_OBJECT_CONVERSION = YES_AGGRESSIVE;
				CLANG_CXX_LANGUAGE_STANDARD = "gnu++20";
				CLANG_ENABLE_MODULES = YES;
				CLANG_ENABLE_OBJC_ARC = YES;
				CLANG_ENABLE_OBJC_WEAK = YES;
				CLANG_WARN_BLOCK_CAPTURE_AUTORELEASING = YES;
				CLANG_WARN_BOOL_CONVERSION = YES;
				CLANG_WARN_COMMA = YES;
				CLANG_WARN_CONSTANT_CONVERSION = YES;
				CLANG_WARN_DEPRECATED_OBJC_IMPLEMENTATIONS = YES;
				CLANG_WARN_DIRECT_OBJC_ISA_USAGE = YES_ERROR;
				CLANG_WARN_DOCUMENTATION_COMMENTS = YES;
				CLANG_WARN_EMPTY_BODY = YES;
				CLANG_WARN_ENUM_CONVERSION = YES;
				CLANG_WARN_INFINITE_RECURSION = YES;
				CLANG_WARN_INT_CONVERSION = YES;
				CLANG_WARN_NON_LITERAL_NULL_CONVERSION = YES;
				CLANG_WARN_OBJC_IMPLICIT_RETAIN_SELF = YES;
				CLANG_WARN_OBJC_LITERAL_CONVERSION = YES;
				CLANG_WARN_OBJC_ROOT_CLASS = YES_ERROR;
				CLANG_WARN_QUOTED_INCLUDE_IN_FRAMEWORK_HEADER = YES;
				CLANG_WARN_RANGE_LOOP_ANALYSIS = YES;
				CLANG_WARN_STRICT_PROTOTYPES = YES;
				CLANG_WARN_SUSPICIOUS_MOVE = YES;
				CLANG_WARN_UNGUARDED_AVAILABILITY = YES_AGGRESSIVE;
				CLANG_WARN_UNREACHABLE_CODE = YES;
				CLANG_WARN__DUPLICATE_METHOD_MATCH = YES;
				COPY_PHASE_STRIP = NO;
				DEBUG_INFORMATION_FORMAT = dwarf;
				ENABLE_STRICT_OBJC_MSGSEND = YES;
				ENABLE_TESTABILITY = YES;
				ENABLE_USER_SCRIPT_SANDBOXING = YES;
				GCC_C_LANGUAGE_STANDARD = gnu17;
				GCC_DYNAMIC_NO_PIC = NO;
				GCC_NO_COMMON_BLOCKS = YES;
				GCC_OPTIMIZATION_LEVEL = 0;
				GCC_PREPROCESSOR_DEFINITIONS = (
					"DEBUG=1",
					"$(inherited)",
				);
				GCC_WARN_64_TO_32_BIT_CONVERSION = YES;
				GCC_WARN_ABOUT_RETURN_TYPE = YES_ERROR;
				GCC_WARN_UNDECLARED_SELECTOR = YES;
				GCC_WARN_UNINITIALIZED_AUTOS = YES_AGGRESSIVE;
				GCC_WARN_UNUSED_FUNCTION = YES;
				GCC_WARN_UNUSED_VARIABLE = YES;
				IPHONEOS_DEPLOYMENT_TARGET = 17.0;
				LOCALIZATION_PREFERS_STRING_CATALOGS = YES;
				MTL_ENABLE_DEBUG_INFO = INCLUDE_SOURCE;
				MTL_FAST_MATH = YES;
				ONLY_ACTIVE_ARCH = YES;
				SDKROOT = iphoneos;
				SWIFT_ACTIVE_COMPILATION_CONDITIONS = "DEBUG $(inherited)";
				SWIFT_OPTIMIZATION_LEVEL = "-Onone";
			};
			name = Debug;
		};
		86646CC02BBF362F004F043F /* Release */ = {
			isa = XCBuildConfiguration;
			buildSettings = {
				ALWAYS_SEARCH_USER_PATHS = NO;
				ASSETCATALOG_COMPILER_GENERATE_SWIFT_ASSET_SYMBOL_EXTENSIONS = YES;
				CLANG_ANALYZER_NONNULL = YES;
				CLANG_ANALYZER_NUMBER_OBJECT_CONVERSION = YES_AGGRESSIVE;
				CLANG_CXX_LANGUAGE_STANDARD = "gnu++20";
				CLANG_ENABLE_MODULES = YES;
				CLANG_ENABLE_OBJC_ARC = YES;
				CLANG_ENABLE_OBJC_WEAK = YES;
				CLANG_WARN_BLOCK_CAPTURE_AUTORELEASING = YES;
				CLANG_WARN_BOOL_CONVERSION = YES;
				CLANG_WARN_COMMA = YES;
				CLANG_WARN_CONSTANT_CONVERSION = YES;
				CLANG_WARN_DEPRECATED_OBJC_IMPLEMENTATIONS = YES;
				CLANG_WARN_DIRECT_OBJC_ISA_USAGE = YES_ERROR;
				CLANG_WARN_DOCUMENTATION_COMMENTS = YES;
				CLANG_WARN_EMPTY_BODY = YES;
				CLANG_WARN_ENUM_CONVERSION = YES;
				CLANG_WARN_INFINITE_RECURSION = YES;
				CLANG_WARN_INT_CONVERSION = YES;
				CLANG_WARN_NON_LITERAL_NULL_CONVERSION = YES;
				CLANG_WARN_OBJC_IMPLICIT_RETAIN_SELF = YES;
				CLANG_WARN_OBJC_LITERAL_CONVERSION = YES;
				CLANG_WARN_OBJC_ROOT_CLASS = YES_ERROR;
				CLANG_WARN_QUOTED_INCLUDE_IN_FRAMEWORK_HEADER = YES;
				CLANG_WARN_RANGE_LOOP_ANALYSIS = YES;
				CLANG_WARN_STRICT_PROTOTYPES = YES;
				CLANG_WARN_SUSPICIOUS_MOVE = YES;
				CLANG_WARN_UNGUARDED_AVAILABILITY = YES_AGGRESSIVE;
				CLANG_WARN_UNREACHABLE_CODE = YES;
				CLANG_WARN__DUPLICATE_METHOD_MATCH = YES;
				COPY_PHASE_STRIP = NO;
				DEBUG_INFORMATION_FORMAT = "dwarf-with-dsym";
				ENABLE_NS_ASSERTIONS = NO;
				ENABLE_STRICT_OBJC_MSGSEND = YES;
				ENABLE_USER_SCRIPT_SANDBOXING = YES;
				GCC_C_LANGUAGE_STANDARD = gnu17;
				GCC_NO_COMMON_BLOCKS = YES;
				GCC_WARN_64_TO_32_BIT_CONVERSION = YES;
				GCC_WARN_ABOUT_RETURN_TYPE = YES_ERROR;
				GCC_WARN_UNDECLARED_SELECTOR = YES;
				GCC_WARN_UNINITIALIZED_AUTOS = YES_AGGRESSIVE;
				GCC_WARN_UNUSED_FUNCTION = YES;
				GCC_WARN_UNUSED_VARIABLE = YES;
				IPHONEOS_DEPLOYMENT_TARGET = 17.0;
				LOCALIZATION_PREFERS_STRING_CATALOGS = YES;
				MTL_ENABLE_DEBUG_INFO = NO;
				MTL_FAST_MATH = YES;
				SDKROOT = iphoneos;
				SWIFT_COMPILATION_MODE = wholemodule;
				VALIDATE_PRODUCT = YES;
			};
			name = Release;
		};
		86646CC22BBF362F004F043F /* Debug */ = {
			isa = XCBuildConfiguration;
			buildSettings = {
				ASSETCATALOG_COMPILER_APPICON_NAME = AppIcon;
				ASSETCATALOG_COMPILER_GLOBAL_ACCENT_COLOR_NAME = AccentColor;
				CODE_SIGN_STYLE = Automatic;
				CURRENT_PROJECT_VERSION = 1;
				DEVELOPMENT_TEAM = HT87RV77TN;
				GENERATE_INFOPLIST_FILE = YES;
				INFOPLIST_FILE = iOS_assignment/Info.plist;
				INFOPLIST_KEY_UIApplicationSupportsIndirectInputEvents = YES;
				INFOPLIST_KEY_UILaunchStoryboardName = LaunchScreen;
				INFOPLIST_KEY_UIMainStoryboardFile = Main;
				INFOPLIST_KEY_UISupportedInterfaceOrientations_iPad = "UIInterfaceOrientationPortrait UIInterfaceOrientationPortraitUpsideDown UIInterfaceOrientationLandscapeLeft UIInterfaceOrientationLandscapeRight";
				INFOPLIST_KEY_UISupportedInterfaceOrientations_iPhone = "UIInterfaceOrientationPortrait UIInterfaceOrientationLandscapeLeft UIInterfaceOrientationLandscapeRight";
				LD_RUNPATH_SEARCH_PATHS = (
					"$(inherited)",
					"@executable_path/Frameworks",
				);
				MARKETING_VERSION = 1.0;
				PRODUCT_BUNDLE_IDENTIFIER = "com.yasir.iOS-assignment";
				PRODUCT_NAME = "$(TARGET_NAME)";
				SWIFT_EMIT_LOC_STRINGS = YES;
				SWIFT_VERSION = 5.0;
				TARGETED_DEVICE_FAMILY = "1,2";
			};
			name = Debug;
		};
		86646CC32BBF362F004F043F /* Release */ = {
			isa = XCBuildConfiguration;
			buildSettings = {
				ASSETCATALOG_COMPILER_APPICON_NAME = AppIcon;
				ASSETCATALOG_COMPILER_GLOBAL_ACCENT_COLOR_NAME = AccentColor;
				CODE_SIGN_STYLE = Automatic;
				CURRENT_PROJECT_VERSION = 1;
				DEVELOPMENT_TEAM = HT87RV77TN;
				GENERATE_INFOPLIST_FILE = YES;
				INFOPLIST_FILE = iOS_assignment/Info.plist;
				INFOPLIST_KEY_UIApplicationSupportsIndirectInputEvents = YES;
				INFOPLIST_KEY_UILaunchStoryboardName = LaunchScreen;
				INFOPLIST_KEY_UIMainStoryboardFile = Main;
				INFOPLIST_KEY_UISupportedInterfaceOrientations_iPad = "UIInterfaceOrientationPortrait UIInterfaceOrientationPortraitUpsideDown UIInterfaceOrientationLandscapeLeft UIInterfaceOrientationLandscapeRight";
				INFOPLIST_KEY_UISupportedInterfaceOrientations_iPhone = "UIInterfaceOrientationPortrait UIInterfaceOrientationLandscapeLeft UIInterfaceOrientationLandscapeRight";
				LD_RUNPATH_SEARCH_PATHS = (
					"$(inherited)",
					"@executable_path/Frameworks",
				);
				MARKETING_VERSION = 1.0;
				PRODUCT_BUNDLE_IDENTIFIER = "com.yasir.iOS-assignment";
				PRODUCT_NAME = "$(TARGET_NAME)";
				SWIFT_EMIT_LOC_STRINGS = YES;
				SWIFT_VERSION = 5.0;
				TARGETED_DEVICE_FAMILY = "1,2";
			};
			name = Release;
		};
		86646CC52BBF362F004F043F /* Debug */ = {
			isa = XCBuildConfiguration;
			buildSettings = {
				ALWAYS_EMBED_SWIFT_STANDARD_LIBRARIES = YES;
				BUNDLE_LOADER = "$(TEST_HOST)";
				CODE_SIGN_STYLE = Automatic;
				CURRENT_PROJECT_VERSION = 1;
				DEVELOPMENT_TEAM = HT87RV77TN;
				GENERATE_INFOPLIST_FILE = YES;
				IPHONEOS_DEPLOYMENT_TARGET = 17.0;
				MARKETING_VERSION = 1.0;
				PRODUCT_BUNDLE_IDENTIFIER = "com.yasir.iOS-assignmentTests";
				PRODUCT_NAME = "$(TARGET_NAME)";
				SWIFT_EMIT_LOC_STRINGS = NO;
				SWIFT_VERSION = 5.0;
				TARGETED_DEVICE_FAMILY = "1,2";
				TEST_HOST = "$(BUILT_PRODUCTS_DIR)/iOS_assignment.app/$(BUNDLE_EXECUTABLE_FOLDER_PATH)/iOS_assignment";
			};
			name = Debug;
		};
		86646CC62BBF362F004F043F /* Release */ = {
			isa = XCBuildConfiguration;
			buildSettings = {
				ALWAYS_EMBED_SWIFT_STANDARD_LIBRARIES = YES;
				BUNDLE_LOADER = "$(TEST_HOST)";
				CODE_SIGN_STYLE = Automatic;
				CURRENT_PROJECT_VERSION = 1;
				DEVELOPMENT_TEAM = HT87RV77TN;
				GENERATE_INFOPLIST_FILE = YES;
				IPHONEOS_DEPLOYMENT_TARGET = 17.0;
				MARKETING_VERSION = 1.0;
				PRODUCT_BUNDLE_IDENTIFIER = "com.yasir.iOS-assignmentTests";
				PRODUCT_NAME = "$(TARGET_NAME)";
				SWIFT_EMIT_LOC_STRINGS = NO;
				SWIFT_VERSION = 5.0;
				TARGETED_DEVICE_FAMILY = "1,2";
				TEST_HOST = "$(BUILT_PRODUCTS_DIR)/iOS_assignment.app/$(BUNDLE_EXECUTABLE_FOLDER_PATH)/iOS_assignment";
			};
			name = Release;
		};
/* End XCBuildConfiguration section */

/* Begin XCConfigurationList section */
		86646C8F2BBF362E004F043F /* Build configuration list for PBXProject "iOS_assignment" */ = {
			isa = XCConfigurationList;
			buildConfigurations = (
				86646CBF2BBF362F004F043F /* Debug */,
				86646CC02BBF362F004F043F /* Release */,
			);
			defaultConfigurationIsVisible = 0;
			defaultConfigurationName = Release;
		};
		86646CC12BBF362F004F043F /* Build configuration list for PBXNativeTarget "iOS_assignment" */ = {
			isa = XCConfigurationList;
			buildConfigurations = (
				86646CC22BBF362F004F043F /* Debug */,
				86646CC32BBF362F004F043F /* Release */,
			);
			defaultConfigurationIsVisible = 0;
			defaultConfigurationName = Release;
		};
		86646CC42BBF362F004F043F /* Build configuration list for PBXNativeTarget "iOS_assignmentTests" */ = {
			isa = XCConfigurationList;
			buildConfigurations = (
				86646CC52BBF362F004F043F /* Debug */,
				86646CC62BBF362F004F043F /* Release */,
			);
			defaultConfigurationIsVisible = 0;
			defaultConfigurationName = Release;
		};
/* End XCConfigurationList section */

/* Begin XCVersionGroup section */
		86646CA02BBF362E004F043F /* iOS_assignment.xcdatamodeld */ = {
			isa = XCVersionGroup;
			children = (
				86646CA12BBF362E004F043F /* iOS_assignment.xcdatamodel */,
			);
			currentVersion = 86646CA12BBF362E004F043F /* iOS_assignment.xcdatamodel */;
			path = iOS_assignment.xcdatamodeld;
			sourceTree = "<group>";
			versionGroupType = wrapper.xcdatamodel;
		};
/* End XCVersionGroup section */
	};
	rootObject = 86646C8C2BBF362E004F043F /* Project object */;
}
